schema: '2.0'
stages:
  train:
    cmd: PYTHONPATH=src python src/rlll/train.py models
    deps:
    - path: src/rlll/train.py
      md5: 285929471326815afa792c8904030c49
      size: 3442
    params:
      params.yaml:
        train.batch_size: 32
        train.burn_in: 1000
        train.dnn_sync: 2500
        train.dnn_update: 1
        train.epsilon: 1
        train.epsilon_decay: 0.99
        train.gamma: 0.99
        train.hidden_size: 16
        train.lr: 0.001
        train.mem_size: 100000
        train.stack_size: 1
    outs:
    - path: eval/train/best_score.json
      md5: c14f627999f51902ac3ed138de2a49f1
      size: 34
    - path: eval/train/mean_rewards.json
      md5: 1791e59f8d64ba58d2e2289e762ba09d
      size: 479
    - path: eval/train/rewards.json
      md5: a930602d57edd41da714616fe0ab6829
      size: 478
    - path: eval/train/steps.json
      md5: 98afae4343c3ac4147ab4f3251cef533
      size: 307
    - path: models
      md5: d864eaf2a061b081a19160528dc77a76.dir
      size: 3927
      nfiles: 1
