schema: '2.0'
stages:
  train:
    cmd: PYTHONPATH=src python src/rlll/train.py models
    deps:
    - path: src/rlll/train.py
      md5: 4f7a1449be266b2a23b9c3ab0b4ce0ff
      size: 4097
    params:
      params.yaml:
        train.batch_size: 8
        train.burn_in: 1000
        train.dnn_sync: 1000
        train.dnn_update: 4
        train.epsilon: 0.5
        train.epsilon_decay: 0.957
        train.gamma: 0.989
        train.hidden_size: 32
        train.lr: 0.0042
        train.max_epi: 2000
        train.mem_size: 10000
        train.min_epsilon: 0.014
        train.seed: 43
        train.stack_size: 1
    outs:
    - path: eval/train/best_score.json
      md5: e3ae99868644ea9cb90c6b8438d276c2
      size: 68
    - path: eval/train/mean_rewards.json
      md5: bee371ac7e5989e73ab4c6986731e0d3
      size: 88356
    - path: eval/train/rewards.json
      md5: 32250dc35a784f25e18b291ec6675765
      size: 88341
    - path: eval/train/steps.json
      md5: 331965c1b25c8ecbabce3b5017c6e21f
      size: 59550
    - path: models
      md5: 0444ab3487d7e56450778f428984410a.dir
      size: 15662
      nfiles: 2
